{
  "name": "learning-webassembly",
  "version": "1.0.0",
  "lockfileVersion": 1,
  "requires": true,
  "dependencies": {
    "minimist": {
      "version": "1.2.0",
      "resolved": "https://registry.npmjs.org/minimist/-/minimist-1.2.0.tgz",
      "integrity": "sha1-o1AIsg9BOD7sH7kU9M1d95omQoQ=",
      "dev": true
    },
    "wasm2js": {
      "version": "0.1.1",
      "resolved": "https://registry.npmjs.org/wasm2js/-/wasm2js-0.1.1.tgz",
      "integrity": "sha1-D0YlpGdYrUeB8Mt2tefjrX4uadM=",
      "dev": true,
      "requires": {
        "minimist": "1.2.0"
      }
    },
    "wat2js": {
      "version": "1.1.1",
      "resolved": "https://registry.npmjs.org/wat2js/-/wat2js-1.1.1.tgz",
      "integrity": "sha512-Mwh9xRsu4nIlTP/4/1BVRldKh1/i/FbYUs1ItjIgIVmyJbNeaOGBA31lKlrt2Ory4iH/wvRjuW24TzB02VTt8g==",
      "dev": true,
      "requires": {
        "minimist": "1.2.0",
        "wasm2js": "0.1.1"
      }
    }
  }
}
